
Microsoft Visual Studio Solution File, Format Version 12.00
# Visual Studio Version 16
VisualStudioVersion = 16.0.32002.261
MinimumVisualStudioVersion = 10.0.40219.1
Project("{FAE04EC0-301F-11D3-BF4B-00C04F79EFBC}") = "DateSeparator", "DateSeparator.csproj", "{FC6D8FF4-4B6D-4B68-83E3-2D4405225703}"
EndProject
Global
	GlobalSection(SolutionConfigurationPlatforms) = preSolution
		Debug|Any CPU = Debug|Any CPU
		Release|Any CPU = Release|Any CPU
	EndGlobalSection
	GlobalSection(ProjectConfigurationPlatforms) = postSolution
		{FC6D8FF4-4B6D-4B68-83E3-2D4405225703}.Debug|Any CPU.ActiveCfg = Debug|Any CPU
		{FC6D8FF4-4B6D-4B68-83E3-2D4405225703}.Debug|Any CPU.Build.0 = Debug|Any CPU
		{FC6D8FF4-4B6D-4B68-83E3-2D4405225703}.Release|Any CPU.ActiveCfg = Release|Any CPU
		{FC6D8FF4-4B6D-4B68-83E3-2D4405225703}.Release|Any CPU.Build.0 = Release|Any CPU
	EndGlobalSection
	GlobalSection(SolutionProperties) = preSolution
		HideSolutionNode = FALSE
	EndGlobalSection
	GlobalSection(ExtensibilityGlobals) = postSolution
		SolutionGuid = {3D55A567-C22A-4E4D-8368-570319B62B51}
	EndGlobalSection
EndGlobal
